
Microsoft Visual Studio Solution File, Format Version 12.00
# Visual Studio Version 16
VisualStudioVersion = 16.0.34114.132
MinimumVisualStudioVersion = 10.0.40219.1
Project("{FAE04EC0-301F-11D3-BF4B-00C04F79EFBC}") = "Assignment operator", "Assignment operator\Assignment operator.csproj", "{1EB9F837-04D2-488A-81AD-180EB752E9BA}"
EndProject
Global
	GlobalSection(SolutionConfigurationPlatforms) = preSolution
		Debug|Any CPU = Debug|Any CPU
		Release|Any CPU = Release|Any CPU
	EndGlobalSection
	GlobalSection(ProjectConfigurationPlatforms) = postSolution
		{1EB9F837-04D2-488A-81AD-180EB752E9BA}.Debug|Any CPU.ActiveCfg = Debug|Any CPU
		{1EB9F837-04D2-488A-81AD-180EB752E9BA}.Debug|Any CPU.Build.0 = Debug|Any CPU
		{1EB9F837-04D2-488A-81AD-180EB752E9BA}.Release|Any CPU.ActiveCfg = Release|Any CPU
		{1EB9F837-04D2-488A-81AD-180EB752E9BA}.Release|Any CPU.Build.0 = Release|Any CPU
	EndGlobalSection
	GlobalSection(SolutionProperties) = preSolution
		HideSolutionNode = FALSE
	EndGlobalSection
	GlobalSection(ExtensibilityGlobals) = postSolution
		SolutionGuid = {6941BC62-42E2-41D6-9C38-4BF760A6860C}
	EndGlobalSection
EndGlobal
