
Microsoft Visual Studio Solution File, Format Version 12.00
# Visual Studio Version 17
VisualStudioVersion = 17.5.33516.290
MinimumVisualStudioVersion = 10.0.40219.1
Project("{FAE04EC0-301F-11D3-BF4B-00C04F79EFBC}") = "Controller Initialization", "Controller Initialization\Controller Initialization.csproj", "{07B83106-40FF-459D-AF64-1030C8BEB306}"
EndProject
Global
	GlobalSection(SolutionConfigurationPlatforms) = preSolution
		Debug|Any CPU = Debug|Any CPU
		Release|Any CPU = Release|Any CPU
	EndGlobalSection
	GlobalSection(ProjectConfigurationPlatforms) = postSolution
		{07B83106-40FF-459D-AF64-1030C8BEB306}.Debug|Any CPU.ActiveCfg = Debug|Any CPU
		{07B83106-40FF-459D-AF64-1030C8BEB306}.Debug|Any CPU.Build.0 = Debug|Any CPU
		{07B83106-40FF-459D-AF64-1030C8BEB306}.Release|Any CPU.ActiveCfg = Release|Any CPU
		{07B83106-40FF-459D-AF64-1030C8BEB306}.Release|Any CPU.Build.0 = Release|Any CPU
	EndGlobalSection
	GlobalSection(SolutionProperties) = preSolution
		HideSolutionNode = FALSE
	EndGlobalSection
	GlobalSection(ExtensibilityGlobals) = postSolution
		SolutionGuid = {B6D00583-4560-44AB-982E-96738A695645}
	EndGlobalSection
EndGlobal
