
Microsoft Visual Studio Solution File, Format Version 12.00
# Visual Studio Version 17
VisualStudioVersion = 17.5.33516.290
MinimumVisualStudioVersion = 10.0.40219.1
Project("{FAE04EC0-301F-11D3-BF4B-00C04F79EFBC}") = "Reconsile_Dt_12_01_2024", "Reconsile_Dt_12_01_2024\Reconsile_Dt_12_01_2024.csproj", "{CA177A74-2847-410E-AABE-8B90978A831B}"
EndProject
Global
	GlobalSection(SolutionConfigurationPlatforms) = preSolution
		Debug|Any CPU = Debug|Any CPU
		Release|Any CPU = Release|Any CPU
	EndGlobalSection
	GlobalSection(ProjectConfigurationPlatforms) = postSolution
		{CA177A74-2847-410E-AABE-8B90978A831B}.Debug|Any CPU.ActiveCfg = Debug|Any CPU
		{CA177A74-2847-410E-AABE-8B90978A831B}.Debug|Any CPU.Build.0 = Debug|Any CPU
		{CA177A74-2847-410E-AABE-8B90978A831B}.Release|Any CPU.ActiveCfg = Release|Any CPU
		{CA177A74-2847-410E-AABE-8B90978A831B}.Release|Any CPU.Build.0 = Release|Any CPU
	EndGlobalSection
	GlobalSection(SolutionProperties) = preSolution
		HideSolutionNode = FALSE
	EndGlobalSection
	GlobalSection(ExtensibilityGlobals) = postSolution
		SolutionGuid = {157E0184-0DD2-4F26-BE50-3F2585BCB41B}
	EndGlobalSection
EndGlobal
