
Microsoft Visual Studio Solution File, Format Version 12.00
# Visual Studio Version 16
VisualStudioVersion = 16.0.34114.132
MinimumVisualStudioVersion = 10.0.40219.1
Project("{FAE04EC0-301F-11D3-BF4B-00C04F79EFBC}") = "Arithmetic Operators", "Arithmetic Operators\Arithmetic Operators.csproj", "{CA34740F-AC91-4357-BB2B-D5D93504576B}"
EndProject
Global
	GlobalSection(SolutionConfigurationPlatforms) = preSolution
		Debug|Any CPU = Debug|Any CPU
		Release|Any CPU = Release|Any CPU
	EndGlobalSection
	GlobalSection(ProjectConfigurationPlatforms) = postSolution
		{CA34740F-AC91-4357-BB2B-D5D93504576B}.Debug|Any CPU.ActiveCfg = Debug|Any CPU
		{CA34740F-AC91-4357-BB2B-D5D93504576B}.Debug|Any CPU.Build.0 = Debug|Any CPU
		{CA34740F-AC91-4357-BB2B-D5D93504576B}.Release|Any CPU.ActiveCfg = Release|Any CPU
		{CA34740F-AC91-4357-BB2B-D5D93504576B}.Release|Any CPU.Build.0 = Release|Any CPU
	EndGlobalSection
	GlobalSection(SolutionProperties) = preSolution
		HideSolutionNode = FALSE
	EndGlobalSection
	GlobalSection(ExtensibilityGlobals) = postSolution
		SolutionGuid = {5730B631-FFDA-4776-89AA-505EE1844A3F}
	EndGlobalSection
EndGlobal
