
Microsoft Visual Studio Solution File, Format Version 12.00
# Visual Studio Version 16
VisualStudioVersion = 16.0.34114.132
MinimumVisualStudioVersion = 10.0.40219.1
Project("{FAE04EC0-301F-11D3-BF4B-00C04F79EFBC}") = "Logical Operator", "Logical Operator\Logical Operator.csproj", "{EC28DC48-5877-44D3-9A44-81BE95D199FD}"
EndProject
Global
	GlobalSection(SolutionConfigurationPlatforms) = preSolution
		Debug|Any CPU = Debug|Any CPU
		Release|Any CPU = Release|Any CPU
	EndGlobalSection
	GlobalSection(ProjectConfigurationPlatforms) = postSolution
		{EC28DC48-5877-44D3-9A44-81BE95D199FD}.Debug|Any CPU.ActiveCfg = Debug|Any CPU
		{EC28DC48-5877-44D3-9A44-81BE95D199FD}.Debug|Any CPU.Build.0 = Debug|Any CPU
		{EC28DC48-5877-44D3-9A44-81BE95D199FD}.Release|Any CPU.ActiveCfg = Release|Any CPU
		{EC28DC48-5877-44D3-9A44-81BE95D199FD}.Release|Any CPU.Build.0 = Release|Any CPU
	EndGlobalSection
	GlobalSection(SolutionProperties) = preSolution
		HideSolutionNode = FALSE
	EndGlobalSection
	GlobalSection(ExtensibilityGlobals) = postSolution
		SolutionGuid = {BFE02274-8EF3-42DF-89A8-F661E5AFE700}
	EndGlobalSection
EndGlobal
