
Microsoft Visual Studio Solution File, Format Version 12.00
# Visual Studio Version 16
VisualStudioVersion = 16.0.34114.132
MinimumVisualStudioVersion = 10.0.40219.1
Project("{FAE04EC0-301F-11D3-BF4B-00C04F79EFBC}") = "1DArray", "1DArray\1DArray.csproj", "{3468D50E-D778-486E-9521-2F3360451636}"
EndProject
Global
	GlobalSection(SolutionConfigurationPlatforms) = preSolution
		Debug|Any CPU = Debug|Any CPU
		Release|Any CPU = Release|Any CPU
	EndGlobalSection
	GlobalSection(ProjectConfigurationPlatforms) = postSolution
		{3468D50E-D778-486E-9521-2F3360451636}.Debug|Any CPU.ActiveCfg = Debug|Any CPU
		{3468D50E-D778-486E-9521-2F3360451636}.Debug|Any CPU.Build.0 = Debug|Any CPU
		{3468D50E-D778-486E-9521-2F3360451636}.Release|Any CPU.ActiveCfg = Release|Any CPU
		{3468D50E-D778-486E-9521-2F3360451636}.Release|Any CPU.Build.0 = Release|Any CPU
	EndGlobalSection
	GlobalSection(SolutionProperties) = preSolution
		HideSolutionNode = FALSE
	EndGlobalSection
	GlobalSection(ExtensibilityGlobals) = postSolution
		SolutionGuid = {79C61AB8-735D-40B5-A5E7-EFF78E0734E4}
	EndGlobalSection
EndGlobal
