
Microsoft Visual Studio Solution File, Format Version 12.00
# Visual Studio Version 16
VisualStudioVersion = 16.0.34114.132
MinimumVisualStudioVersion = 10.0.40219.1
Project("{FAE04EC0-301F-11D3-BF4B-00C04F79EFBC}") = "DataType", "DataType\DataType.csproj", "{EE386F5E-7667-4D7D-9606-E6C38AA317BC}"
EndProject
Global
	GlobalSection(SolutionConfigurationPlatforms) = preSolution
		Debug|Any CPU = Debug|Any CPU
		Release|Any CPU = Release|Any CPU
	EndGlobalSection
	GlobalSection(ProjectConfigurationPlatforms) = postSolution
		{EE386F5E-7667-4D7D-9606-E6C38AA317BC}.Debug|Any CPU.ActiveCfg = Debug|Any CPU
		{EE386F5E-7667-4D7D-9606-E6C38AA317BC}.Debug|Any CPU.Build.0 = Debug|Any CPU
		{EE386F5E-7667-4D7D-9606-E6C38AA317BC}.Release|Any CPU.ActiveCfg = Release|Any CPU
		{EE386F5E-7667-4D7D-9606-E6C38AA317BC}.Release|Any CPU.Build.0 = Release|Any CPU
	EndGlobalSection
	GlobalSection(SolutionProperties) = preSolution
		HideSolutionNode = FALSE
	EndGlobalSection
	GlobalSection(ExtensibilityGlobals) = postSolution
		SolutionGuid = {57133F85-D0B0-480C-91E1-85CA28542DEE}
	EndGlobalSection
EndGlobal
