
Microsoft Visual Studio Solution File, Format Version 12.00
# Visual Studio Version 17
VisualStudioVersion = 17.5.33516.290
MinimumVisualStudioVersion = 10.0.40219.1
Project("{FAE04EC0-301F-11D3-BF4B-00C04F79EFBC}") = "Dynamic Data Type", "Dynamic Data Type\Dynamic Data Type.csproj", "{34B046B2-3F3C-4421-B93C-9A4E312D7E7E}"
EndProject
Global
	GlobalSection(SolutionConfigurationPlatforms) = preSolution
		Debug|Any CPU = Debug|Any CPU
		Release|Any CPU = Release|Any CPU
	EndGlobalSection
	GlobalSection(ProjectConfigurationPlatforms) = postSolution
		{34B046B2-3F3C-4421-B93C-9A4E312D7E7E}.Debug|Any CPU.ActiveCfg = Debug|Any CPU
		{34B046B2-3F3C-4421-B93C-9A4E312D7E7E}.Debug|Any CPU.Build.0 = Debug|Any CPU
		{34B046B2-3F3C-4421-B93C-9A4E312D7E7E}.Release|Any CPU.ActiveCfg = Release|Any CPU
		{34B046B2-3F3C-4421-B93C-9A4E312D7E7E}.Release|Any CPU.Build.0 = Release|Any CPU
	EndGlobalSection
	GlobalSection(SolutionProperties) = preSolution
		HideSolutionNode = FALSE
	EndGlobalSection
	GlobalSection(ExtensibilityGlobals) = postSolution
		SolutionGuid = {0A50B15F-F215-4F25-968E-4EC303986214}
	EndGlobalSection
EndGlobal
