
Microsoft Visual Studio Solution File, Format Version 12.00
# Visual Studio Version 17
VisualStudioVersion = 17.5.33516.290
MinimumVisualStudioVersion = 10.0.40219.1
Project("{FAE04EC0-301F-11D3-BF4B-00C04F79EFBC}") = "BCLDemo", "BCLDemo\BCLDemo.csproj", "{EB3BE083-561B-466B-B753-0217B34BDA10}"
EndProject
Project("{FAE04EC0-301F-11D3-BF4B-00C04F79EFBC}") = "BCLLibrary", "BCLLibrary\BCLLibrary.csproj", "{DC93693B-6D94-4F1A-8247-6DC60B420E46}"
EndProject
Global
	GlobalSection(SolutionConfigurationPlatforms) = preSolution
		Debug|Any CPU = Debug|Any CPU
		Release|Any CPU = Release|Any CPU
	EndGlobalSection
	GlobalSection(ProjectConfigurationPlatforms) = postSolution
		{EB3BE083-561B-466B-B753-0217B34BDA10}.Debug|Any CPU.ActiveCfg = Debug|Any CPU
		{EB3BE083-561B-466B-B753-0217B34BDA10}.Debug|Any CPU.Build.0 = Debug|Any CPU
		{EB3BE083-561B-466B-B753-0217B34BDA10}.Release|Any CPU.ActiveCfg = Release|Any CPU
		{EB3BE083-561B-466B-B753-0217B34BDA10}.Release|Any CPU.Build.0 = Release|Any CPU
		{DC93693B-6D94-4F1A-8247-6DC60B420E46}.Debug|Any CPU.ActiveCfg = Debug|Any CPU
		{DC93693B-6D94-4F1A-8247-6DC60B420E46}.Debug|Any CPU.Build.0 = Debug|Any CPU
		{DC93693B-6D94-4F1A-8247-6DC60B420E46}.Release|Any CPU.ActiveCfg = Release|Any CPU
		{DC93693B-6D94-4F1A-8247-6DC60B420E46}.Release|Any CPU.Build.0 = Release|Any CPU
	EndGlobalSection
	GlobalSection(SolutionProperties) = preSolution
		HideSolutionNode = FALSE
	EndGlobalSection
	GlobalSection(ExtensibilityGlobals) = postSolution
		SolutionGuid = {16ED32A9-BF74-4302-8798-E8BDE5B2BEF3}
	EndGlobalSection
EndGlobal
