
Microsoft Visual Studio Solution File, Format Version 12.00
# Visual Studio Version 17
VisualStudioVersion = 17.8.34309.116
MinimumVisualStudioVersion = 10.0.40219.1
Project("{FAE04EC0-301F-11D3-BF4B-00C04F79EFBC}") = "Date Time Class", "Date Time Class\Date Time Class.csproj", "{B6104A09-EB32-4C7B-BEE7-99F91FB64D08}"
EndProject
Global
	GlobalSection(SolutionConfigurationPlatforms) = preSolution
		Debug|Any CPU = Debug|Any CPU
		Release|Any CPU = Release|Any CPU
	EndGlobalSection
	GlobalSection(ProjectConfigurationPlatforms) = postSolution
		{B6104A09-EB32-4C7B-BEE7-99F91FB64D08}.Debug|Any CPU.ActiveCfg = Debug|Any CPU
		{B6104A09-EB32-4C7B-BEE7-99F91FB64D08}.Debug|Any CPU.Build.0 = Debug|Any CPU
		{B6104A09-EB32-4C7B-BEE7-99F91FB64D08}.Release|Any CPU.ActiveCfg = Release|Any CPU
		{B6104A09-EB32-4C7B-BEE7-99F91FB64D08}.Release|Any CPU.Build.0 = Release|Any CPU
	EndGlobalSection
	GlobalSection(SolutionProperties) = preSolution
		HideSolutionNode = FALSE
	EndGlobalSection
	GlobalSection(ExtensibilityGlobals) = postSolution
		SolutionGuid = {BB54579E-043B-425F-B42B-5D660F49BF7A}
	EndGlobalSection
EndGlobal
