
Microsoft Visual Studio Solution File, Format Version 12.00
# Visual Studio Version 17
VisualStudioVersion = 17.5.33516.290
MinimumVisualStudioVersion = 10.0.40219.1
Project("{FAE04EC0-301F-11D3-BF4B-00C04F79EFBC}") = "Interface", "Interface\Interface.csproj", "{B8506E0C-7304-49EC-8B0A-7908461C742F}"
EndProject
Global
	GlobalSection(SolutionConfigurationPlatforms) = preSolution
		Debug|Any CPU = Debug|Any CPU
		Release|Any CPU = Release|Any CPU
	EndGlobalSection
	GlobalSection(ProjectConfigurationPlatforms) = postSolution
		{B8506E0C-7304-49EC-8B0A-7908461C742F}.Debug|Any CPU.ActiveCfg = Debug|Any CPU
		{B8506E0C-7304-49EC-8B0A-7908461C742F}.Debug|Any CPU.Build.0 = Debug|Any CPU
		{B8506E0C-7304-49EC-8B0A-7908461C742F}.Release|Any CPU.ActiveCfg = Release|Any CPU
		{B8506E0C-7304-49EC-8B0A-7908461C742F}.Release|Any CPU.Build.0 = Release|Any CPU
	EndGlobalSection
	GlobalSection(SolutionProperties) = preSolution
		HideSolutionNode = FALSE
	EndGlobalSection
	GlobalSection(ExtensibilityGlobals) = postSolution
		SolutionGuid = {8EF2AE11-8661-44DB-8800-AA35BD730CF9}
	EndGlobalSection
EndGlobal
