
Microsoft Visual Studio Solution File, Format Version 12.00
# Visual Studio Version 17
VisualStudioVersion = 17.5.33516.290
MinimumVisualStudioVersion = 10.0.40219.1
Project("{FAE04EC0-301F-11D3-BF4B-00C04F79EFBC}") = "Middleware-API", "Middleware-API\Middleware-API.csproj", "{14424CF4-D5D3-416E-8009-D19E20E1F05B}"
EndProject
Global
	GlobalSection(SolutionConfigurationPlatforms) = preSolution
		Debug|Any CPU = Debug|Any CPU
		Release|Any CPU = Release|Any CPU
	EndGlobalSection
	GlobalSection(ProjectConfigurationPlatforms) = postSolution
		{14424CF4-D5D3-416E-8009-D19E20E1F05B}.Debug|Any CPU.ActiveCfg = Debug|Any CPU
		{14424CF4-D5D3-416E-8009-D19E20E1F05B}.Debug|Any CPU.Build.0 = Debug|Any CPU
		{14424CF4-D5D3-416E-8009-D19E20E1F05B}.Release|Any CPU.ActiveCfg = Release|Any CPU
		{14424CF4-D5D3-416E-8009-D19E20E1F05B}.Release|Any CPU.Build.0 = Release|Any CPU
	EndGlobalSection
	GlobalSection(SolutionProperties) = preSolution
		HideSolutionNode = FALSE
	EndGlobalSection
	GlobalSection(ExtensibilityGlobals) = postSolution
		SolutionGuid = {6D8932C6-1D00-455F-A9B7-4CE5729CF910}
	EndGlobalSection
EndGlobal
