
Microsoft Visual Studio Solution File, Format Version 12.00
# Visual Studio Version 17
VisualStudioVersion = 17.8.34309.116
MinimumVisualStudioVersion = 10.0.40219.1
Project("{FAE04EC0-301F-11D3-BF4B-00C04F79EFBC}") = "Basic File operations", "Basic File operations\Basic File operations.csproj", "{B958B661-F186-45AA-AFA9-E3B2262AF795}"
EndProject
Global
	GlobalSection(SolutionConfigurationPlatforms) = preSolution
		Debug|Any CPU = Debug|Any CPU
		Release|Any CPU = Release|Any CPU
	EndGlobalSection
	GlobalSection(ProjectConfigurationPlatforms) = postSolution
		{B958B661-F186-45AA-AFA9-E3B2262AF795}.Debug|Any CPU.ActiveCfg = Debug|Any CPU
		{B958B661-F186-45AA-AFA9-E3B2262AF795}.Debug|Any CPU.Build.0 = Debug|Any CPU
		{B958B661-F186-45AA-AFA9-E3B2262AF795}.Release|Any CPU.ActiveCfg = Release|Any CPU
		{B958B661-F186-45AA-AFA9-E3B2262AF795}.Release|Any CPU.Build.0 = Release|Any CPU
	EndGlobalSection
	GlobalSection(SolutionProperties) = preSolution
		HideSolutionNode = FALSE
	EndGlobalSection
	GlobalSection(ExtensibilityGlobals) = postSolution
		SolutionGuid = {665B1057-4459-47D1-A224-D46642B877C0}
	EndGlobalSection
EndGlobal
