
Microsoft Visual Studio Solution File, Format Version 12.00
# Visual Studio Version 17
VisualStudioVersion = 17.5.33516.290
MinimumVisualStudioVersion = 10.0.40219.1
Project("{FAE04EC0-301F-11D3-BF4B-00C04F79EFBC}") = "File System", "File System\File System.csproj", "{B63E611C-1426-4001-BEFB-A6C1C853089D}"
EndProject
Global
	GlobalSection(SolutionConfigurationPlatforms) = preSolution
		Debug|Any CPU = Debug|Any CPU
		Release|Any CPU = Release|Any CPU
	EndGlobalSection
	GlobalSection(ProjectConfigurationPlatforms) = postSolution
		{B63E611C-1426-4001-BEFB-A6C1C853089D}.Debug|Any CPU.ActiveCfg = Debug|Any CPU
		{B63E611C-1426-4001-BEFB-A6C1C853089D}.Debug|Any CPU.Build.0 = Debug|Any CPU
		{B63E611C-1426-4001-BEFB-A6C1C853089D}.Release|Any CPU.ActiveCfg = Release|Any CPU
		{B63E611C-1426-4001-BEFB-A6C1C853089D}.Release|Any CPU.Build.0 = Release|Any CPU
	EndGlobalSection
	GlobalSection(SolutionProperties) = preSolution
		HideSolutionNode = FALSE
	EndGlobalSection
	GlobalSection(ExtensibilityGlobals) = postSolution
		SolutionGuid = {54111989-34D3-44BD-B3AB-6C2D00385E56}
	EndGlobalSection
EndGlobal
