
Microsoft Visual Studio Solution File, Format Version 12.00
# Visual Studio Version 17
VisualStudioVersion = 17.5.33516.290
MinimumVisualStudioVersion = 10.0.40219.1
Project("{FAE04EC0-301F-11D3-BF4B-00C04F79EFBC}") = "DILifeTime", "DILifeTime\DILifeTime.csproj", "{935030F7-8502-4740-81B6-519899B26F54}"
EndProject
Global
	GlobalSection(SolutionConfigurationPlatforms) = preSolution
		Debug|Any CPU = Debug|Any CPU
		Release|Any CPU = Release|Any CPU
	EndGlobalSection
	GlobalSection(ProjectConfigurationPlatforms) = postSolution
		{935030F7-8502-4740-81B6-519899B26F54}.Debug|Any CPU.ActiveCfg = Debug|Any CPU
		{935030F7-8502-4740-81B6-519899B26F54}.Debug|Any CPU.Build.0 = Debug|Any CPU
		{935030F7-8502-4740-81B6-519899B26F54}.Release|Any CPU.ActiveCfg = Release|Any CPU
		{935030F7-8502-4740-81B6-519899B26F54}.Release|Any CPU.Build.0 = Release|Any CPU
	EndGlobalSection
	GlobalSection(SolutionProperties) = preSolution
		HideSolutionNode = FALSE
	EndGlobalSection
	GlobalSection(ExtensibilityGlobals) = postSolution
		SolutionGuid = {1D21A139-6270-4A4C-911B-1738C4191E5D}
	EndGlobalSection
EndGlobal
